{
  "name": "test",
  "lockfileVersion": 2,
  "requires": true,
  "packages": {
    "": {
      "dependencies": {
        "@ramtho-org/lowercase": "file:../src"
      }
    },
    "../src": {
      "version": "1.0.0",
      "license": "ISC"
    },
    "node_modules/@ramtho-org/lowercase": {
      "resolved": "../src",
      "link": true
    }
  },
  "dependencies": {
    "@ramtho-org/lowercase": {
      "version": "file:../src"
    }
  }
}
